
Microsoft Visual Studio Solution File, Format Version 12.00
# Visual Studio Version 16
VisualStudioVersion = 16.0.30621.155
MinimumVisualStudioVersion = 10.0.40219.1
Project("{FAE04EC0-301F-11D3-BF4B-00C04F79EFBC}") = "NailPodManager.UWP", "NailPodManager.UWP\NailPodManager.UWP.csproj", "{FE752082-A414-466F-A5C3-25356EF80380}"
EndProject
Project("{FAE04EC0-301F-11D3-BF4B-00C04F79EFBC}") = "NailPodManager.Android", "NailPodManager.Android\NailPodManager.Android.csproj", "{B098AEBE-5B1C-4879-BCE7-D4A07C0FB592}"
EndProject
Project("{FAE04EC0-301F-11D3-BF4B-00C04F79EFBC}") = "NailPodManager.iOS", "NailPodManager.iOS\NailPodManager.iOS.csproj", "{0FDD2A21-2D70-4CAB-BB63-7168D9463296}"
EndProject
Project("{FAE04EC0-301F-11D3-BF4B-00C04F79EFBC}") = "NailPodManager", "NailPodManager\NailPodManager.csproj", "{E424F2D0-D788-4532-B2F7-16AC94A8FB1F}"
EndProject
Global
	GlobalSection(SolutionConfigurationPlatforms) = preSolution
		Debug|Any CPU = Debug|Any CPU
		Debug|ARM = Debug|ARM
		Debug|iPhone = Debug|iPhone
		Debug|iPhoneSimulator = Debug|iPhoneSimulator
		Debug|x64 = Debug|x64
		Debug|x86 = Debug|x86
		Release|Any CPU = Release|Any CPU
		Release|ARM = Release|ARM
		Release|iPhone = Release|iPhone
		Release|iPhoneSimulator = Release|iPhoneSimulator
		Release|x64 = Release|x64
		Release|x86 = Release|x86
	EndGlobalSection
	GlobalSection(ProjectConfigurationPlatforms) = postSolution
		{FE752082-A414-466F-A5C3-25356EF80380}.Debug|Any CPU.ActiveCfg = Debug|x86
		{FE752082-A414-466F-A5C3-25356EF80380}.Debug|Any CPU.Build.0 = Debug|x86
		{FE752082-A414-466F-A5C3-25356EF80380}.Debug|Any CPU.Deploy.0 = Debug|x86
		{FE752082-A414-466F-A5C3-25356EF80380}.Debug|ARM.ActiveCfg = Debug|ARM
		{FE752082-A414-466F-A5C3-25356EF80380}.Debug|ARM.Build.0 = Debug|ARM
		{FE752082-A414-466F-A5C3-25356EF80380}.Debug|ARM.Deploy.0 = Debug|ARM
		{FE752082-A414-466F-A5C3-25356EF80380}.Debug|iPhone.ActiveCfg = Debug|x86
		{FE752082-A414-466F-A5C3-25356EF80380}.Debug|iPhone.Build.0 = Debug|x86
		{FE752082-A414-466F-A5C3-25356EF80380}.Debug|iPhone.Deploy.0 = Debug|x86
		{FE752082-A414-466F-A5C3-25356EF80380}.Debug|iPhoneSimulator.ActiveCfg = Debug|x86
		{FE752082-A414-466F-A5C3-25356EF80380}.Debug|iPhoneSimulator.Build.0 = Debug|x86
		{FE752082-A414-466F-A5C3-25356EF80380}.Debug|iPhoneSimulator.Deploy.0 = Debug|x86
		{FE752082-A414-466F-A5C3-25356EF80380}.Debug|x64.ActiveCfg = Debug|x64
		{FE752082-A414-466F-A5C3-25356EF80380}.Debug|x64.Build.0 = Debug|x64
		{FE752082-A414-466F-A5C3-25356EF80380}.Debug|x64.Deploy.0 = Debug|x64
		{FE752082-A414-466F-A5C3-25356EF80380}.Debug|x86.ActiveCfg = Debug|x86
		{FE752082-A414-466F-A5C3-25356EF80380}.Debug|x86.Build.0 = Debug|x86
		{FE752082-A414-466F-A5C3-25356EF80380}.Debug|x86.Deploy.0 = Debug|x86
		{FE752082-A414-466F-A5C3-25356EF80380}.Release|Any CPU.ActiveCfg = Release|x86
		{FE752082-A414-466F-A5C3-25356EF80380}.Release|Any CPU.Build.0 = Release|x86
		{FE752082-A414-466F-A5C3-25356EF80380}.Release|Any CPU.Deploy.0 = Release|x86
		{FE752082-A414-466F-A5C3-25356EF80380}.Release|ARM.ActiveCfg = Release|ARM
		{FE752082-A414-466F-A5C3-25356EF80380}.Release|ARM.Build.0 = Release|ARM
		{FE752082-A414-466F-A5C3-25356EF80380}.Release|ARM.Deploy.0 = Release|ARM
		{FE752082-A414-466F-A5C3-25356EF80380}.Release|iPhone.ActiveCfg = Release|x86
		{FE752082-A414-466F-A5C3-25356EF80380}.Release|iPhone.Build.0 = Release|x86
		{FE752082-A414-466F-A5C3-25356EF80380}.Release|iPhone.Deploy.0 = Release|x86
		{FE752082-A414-466F-A5C3-25356EF80380}.Release|iPhoneSimulator.ActiveCfg = Release|x86
		{FE752082-A414-466F-A5C3-25356EF80380}.Release|iPhoneSimulator.Build.0 = Release|x86
		{FE752082-A414-466F-A5C3-25356EF80380}.Release|iPhoneSimulator.Deploy.0 = Release|x86
		{FE752082-A414-466F-A5C3-25356EF80380}.Release|x64.ActiveCfg = Release|x64
		{FE752082-A414-466F-A5C3-25356EF80380}.Release|x64.Build.0 = Release|x64
		{FE752082-A414-466F-A5C3-25356EF80380}.Release|x64.Deploy.0 = Release|x64
		{FE752082-A414-466F-A5C3-25356EF80380}.Release|x86.ActiveCfg = Release|x86
		{FE752082-A414-466F-A5C3-25356EF80380}.Release|x86.Build.0 = Release|x86
		{FE752082-A414-466F-A5C3-25356EF80380}.Release|x86.Deploy.0 = Release|x86
		{B098AEBE-5B1C-4879-BCE7-D4A07C0FB592}.Debug|Any CPU.ActiveCfg = Debug|Any CPU
		{B098AEBE-5B1C-4879-BCE7-D4A07C0FB592}.Debug|Any CPU.Build.0 = Debug|Any CPU
		{B098AEBE-5B1C-4879-BCE7-D4A07C0FB592}.Debug|Any CPU.Deploy.0 = Debug|Any CPU
		{B098AEBE-5B1C-4879-BCE7-D4A07C0FB592}.Debug|ARM.ActiveCfg = Debug|Any CPU
		{B098AEBE-5B1C-4879-BCE7-D4A07C0FB592}.Debug|ARM.Build.0 = Debug|Any CPU
		{B098AEBE-5B1C-4879-BCE7-D4A07C0FB592}.Debug|ARM.Deploy.0 = Debug|Any CPU
		{B098AEBE-5B1C-4879-BCE7-D4A07C0FB592}.Debug|iPhone.ActiveCfg = Debug|Any CPU
		{B098AEBE-5B1C-4879-BCE7-D4A07C0FB592}.Debug|iPhone.Build.0 = Debug|Any CPU
		{B098AEBE-5B1C-4879-BCE7-D4A07C0FB592}.Debug|iPhone.Deploy.0 = Debug|Any CPU
		{B098AEBE-5B1C-4879-BCE7-D4A07C0FB592}.Debug|iPhoneSimulator.ActiveCfg = Debug|Any CPU
		{B098AEBE-5B1C-4879-BCE7-D4A07C0FB592}.Debug|iPhoneSimulator.Build.0 = Debug|Any CPU
		{B098AEBE-5B1C-4879-BCE7-D4A07C0FB592}.Debug|iPhoneSimulator.Deploy.0 = Debug|Any CPU
		{B098AEBE-5B1C-4879-BCE7-D4A07C0FB592}.Debug|x64.ActiveCfg = Debug|Any CPU
		{B098AEBE-5B1C-4879-BCE7-D4A07C0FB592}.Debug|x64.Build.0 = Debug|Any CPU
		{B098AEBE-5B1C-4879-BCE7-D4A07C0FB592}.Debug|x64.Deploy.0 = Debug|Any CPU
		{B098AEBE-5B1C-4879-BCE7-D4A07C0FB592}.Debug|x86.ActiveCfg = Debug|Any CPU
		{B098AEBE-5B1C-4879-BCE7-D4A07C0FB592}.Debug|x86.Build.0 = Debug|Any CPU
		{B098AEBE-5B1C-4879-BCE7-D4A07C0FB592}.Debug|x86.Deploy.0 = Debug|Any CPU
		{B098AEBE-5B1C-4879-BCE7-D4A07C0FB592}.Release|Any CPU.ActiveCfg = Release|Any CPU
		{B098AEBE-5B1C-4879-BCE7-D4A07C0FB592}.Release|Any CPU.Build.0 = Release|Any CPU
		{B098AEBE-5B1C-4879-BCE7-D4A07C0FB592}.Release|Any CPU.Deploy.0 = Release|Any CPU
		{B098AEBE-5B1C-4879-BCE7-D4A07C0FB592}.Release|ARM.ActiveCfg = Release|Any CPU
		{B098AEBE-5B1C-4879-BCE7-D4A07C0FB592}.Release|ARM.Build.0 = Release|Any CPU
		{B098AEBE-5B1C-4879-BCE7-D4A07C0FB592}.Release|ARM.Deploy.0 = Release|Any CPU
		{B098AEBE-5B1C-4879-BCE7-D4A07C0FB592}.Release|iPhone.ActiveCfg = Release|Any CPU
		{B098AEBE-5B1C-4879-BCE7-D4A07C0FB592}.Release|iPhone.Build.0 = Release|Any CPU
		{B098AEBE-5B1C-4879-BCE7-D4A07C0FB592}.Release|iPhone.Deploy.0 = Release|Any CPU
		{B098AEBE-5B1C-4879-BCE7-D4A07C0FB592}.Release|iPhoneSimulator.ActiveCfg = Release|Any CPU
		{B098AEBE-5B1C-4879-BCE7-D4A07C0FB592}.Release|iPhoneSimulator.Build.0 = Release|Any CPU
		{B098AEBE-5B1C-4879-BCE7-D4A07C0FB592}.Release|iPhoneSimulator.Deploy.0 = Release|Any CPU
		{B098AEBE-5B1C-4879-BCE7-D4A07C0FB592}.Release|x64.ActiveCfg = Release|Any CPU
		{B098AEBE-5B1C-4879-BCE7-D4A07C0FB592}.Release|x64.Build.0 = Release|Any CPU
		{B098AEBE-5B1C-4879-BCE7-D4A07C0FB592}.Release|x64.Deploy.0 = Release|Any CPU
		{B098AEBE-5B1C-4879-BCE7-D4A07C0FB592}.Release|x86.ActiveCfg = Release|Any CPU
		{B098AEBE-5B1C-4879-BCE7-D4A07C0FB592}.Release|x86.Build.0 = Release|Any CPU
		{B098AEBE-5B1C-4879-BCE7-D4A07C0FB592}.Release|x86.Deploy.0 = Release|Any CPU
		{0FDD2A21-2D70-4CAB-BB63-7168D9463296}.Debug|Any CPU.ActiveCfg = Debug|iPhoneSimulator
		{0FDD2A21-2D70-4CAB-BB63-7168D9463296}.Debug|Any CPU.Build.0 = Debug|iPhoneSimulator
		{0FDD2A21-2D70-4CAB-BB63-7168D9463296}.Debug|Any CPU.Deploy.0 = Debug|iPhoneSimulator
		{0FDD2A21-2D70-4CAB-BB63-7168D9463296}.Debug|ARM.ActiveCfg = Debug|iPhone
		{0FDD2A21-2D70-4CAB-BB63-7168D9463296}.Debug|ARM.Build.0 = Debug|iPhone
		{0FDD2A21-2D70-4CAB-BB63-7168D9463296}.Debug|ARM.Deploy.0 = Debug|iPhone
		{0FDD2A21-2D70-4CAB-BB63-7168D9463296}.Debug|iPhone.ActiveCfg = Debug|iPhone
		{0FDD2A21-2D70-4CAB-BB63-7168D9463296}.Debug|iPhone.Build.0 = Debug|iPhone
		{0FDD2A21-2D70-4CAB-BB63-7168D9463296}.Debug|iPhone.Deploy.0 = Debug|iPhone
		{0FDD2A21-2D70-4CAB-BB63-7168D9463296}.Debug|iPhoneSimulator.ActiveCfg = Debug|iPhoneSimulator
		{0FDD2A21-2D70-4CAB-BB63-7168D9463296}.Debug|iPhoneSimulator.Build.0 = Debug|iPhoneSimulator
		{0FDD2A21-2D70-4CAB-BB63-7168D9463296}.Debug|iPhoneSimulator.Deploy.0 = Debug|iPhoneSimulator
		{0FDD2A21-2D70-4CAB-BB63-7168D9463296}.Debug|x64.ActiveCfg = Debug|iPhoneSimulator
		{0FDD2A21-2D70-4CAB-BB63-7168D9463296}.Debug|x64.Build.0 = Debug|iPhoneSimulator
		{0FDD2A21-2D70-4CAB-BB63-7168D9463296}.Debug|x64.Deploy.0 = Debug|iPhoneSimulator
		{0FDD2A21-2D70-4CAB-BB63-7168D9463296}.Debug|x86.ActiveCfg = Debug|iPhoneSimulator
		{0FDD2A21-2D70-4CAB-BB63-7168D9463296}.Debug|x86.Build.0 = Debug|iPhoneSimulator
		{0FDD2A21-2D70-4CAB-BB63-7168D9463296}.Debug|x86.Deploy.0 = Debug|iPhoneSimulator
		{0FDD2A21-2D70-4CAB-BB63-7168D9463296}.Release|Any CPU.ActiveCfg = Release|iPhoneSimulator
		{0FDD2A21-2D70-4CAB-BB63-7168D9463296}.Release|Any CPU.Build.0 = Release|iPhoneSimulator
		{0FDD2A21-2D70-4CAB-BB63-7168D9463296}.Release|Any CPU.Deploy.0 = Release|iPhoneSimulator
		{0FDD2A21-2D70-4CAB-BB63-7168D9463296}.Release|ARM.ActiveCfg = Release|iPhoneSimulator
		{0FDD2A21-2D70-4CAB-BB63-7168D9463296}.Release|ARM.Build.0 = Release|iPhoneSimulator
		{0FDD2A21-2D70-4CAB-BB63-7168D9463296}.Release|ARM.Deploy.0 = Release|iPhoneSimulator
		{0FDD2A21-2D70-4CAB-BB63-7168D9463296}.Release|iPhone.ActiveCfg = Release|iPhone
		{0FDD2A21-2D70-4CAB-BB63-7168D9463296}.Release|iPhone.Build.0 = Release|iPhone
		{0FDD2A21-2D70-4CAB-BB63-7168D9463296}.Release|iPhone.Deploy.0 = Release|iPhone
		{0FDD2A21-2D70-4CAB-BB63-7168D9463296}.Release|iPhoneSimulator.ActiveCfg = Release|iPhoneSimulator
		{0FDD2A21-2D70-4CAB-BB63-7168D9463296}.Release|iPhoneSimulator.Build.0 = Release|iPhoneSimulator
		{0FDD2A21-2D70-4CAB-BB63-7168D9463296}.Release|iPhoneSimulator.Deploy.0 = Release|iPhoneSimulator
		{0FDD2A21-2D70-4CAB-BB63-7168D9463296}.Release|x64.ActiveCfg = Release|iPhoneSimulator
		{0FDD2A21-2D70-4CAB-BB63-7168D9463296}.Release|x64.Build.0 = Release|iPhoneSimulator
		{0FDD2A21-2D70-4CAB-BB63-7168D9463296}.Release|x64.Deploy.0 = Release|iPhoneSimulator
		{0FDD2A21-2D70-4CAB-BB63-7168D9463296}.Release|x86.ActiveCfg = Release|iPhoneSimulator
		{0FDD2A21-2D70-4CAB-BB63-7168D9463296}.Release|x86.Build.0 = Release|iPhoneSimulator
		{0FDD2A21-2D70-4CAB-BB63-7168D9463296}.Release|x86.Deploy.0 = Release|iPhoneSimulator
		{E424F2D0-D788-4532-B2F7-16AC94A8FB1F}.Debug|Any CPU.ActiveCfg = Debug|Any CPU
		{E424F2D0-D788-4532-B2F7-16AC94A8FB1F}.Debug|Any CPU.Build.0 = Debug|Any CPU
		{E424F2D0-D788-4532-B2F7-16AC94A8FB1F}.Debug|Any CPU.Deploy.0 = Debug|Any CPU
		{E424F2D0-D788-4532-B2F7-16AC94A8FB1F}.Debug|ARM.ActiveCfg = Debug|Any CPU
		{E424F2D0-D788-4532-B2F7-16AC94A8FB1F}.Debug|ARM.Build.0 = Debug|Any CPU
		{E424F2D0-D788-4532-B2F7-16AC94A8FB1F}.Debug|ARM.Deploy.0 = Debug|Any CPU
		{E424F2D0-D788-4532-B2F7-16AC94A8FB1F}.Debug|iPhone.ActiveCfg = Debug|Any CPU
		{E424F2D0-D788-4532-B2F7-16AC94A8FB1F}.Debug|iPhone.Build.0 = Debug|Any CPU
		{E424F2D0-D788-4532-B2F7-16AC94A8FB1F}.Debug|iPhone.Deploy.0 = Debug|Any CPU
		{E424F2D0-D788-4532-B2F7-16AC94A8FB1F}.Debug|iPhoneSimulator.ActiveCfg = Debug|Any CPU
		{E424F2D0-D788-4532-B2F7-16AC94A8FB1F}.Debug|iPhoneSimulator.Build.0 = Debug|Any CPU
		{E424F2D0-D788-4532-B2F7-16AC94A8FB1F}.Debug|iPhoneSimulator.Deploy.0 = Debug|Any CPU
		{E424F2D0-D788-4532-B2F7-16AC94A8FB1F}.Debug|x64.ActiveCfg = Debug|Any CPU
		{E424F2D0-D788-4532-B2F7-16AC94A8FB1F}.Debug|x64.Build.0 = Debug|Any CPU
		{E424F2D0-D788-4532-B2F7-16AC94A8FB1F}.Debug|x64.Deploy.0 = Debug|Any CPU
		{E424F2D0-D788-4532-B2F7-16AC94A8FB1F}.Debug|x86.ActiveCfg = Debug|Any CPU
		{E424F2D0-D788-4532-B2F7-16AC94A8FB1F}.Debug|x86.Build.0 = Debug|Any CPU
		{E424F2D0-D788-4532-B2F7-16AC94A8FB1F}.Debug|x86.Deploy.0 = Debug|Any CPU
		{E424F2D0-D788-4532-B2F7-16AC94A8FB1F}.Release|Any CPU.ActiveCfg = Release|Any CPU
		{E424F2D0-D788-4532-B2F7-16AC94A8FB1F}.Release|Any CPU.Build.0 = Release|Any CPU
		{E424F2D0-D788-4532-B2F7-16AC94A8FB1F}.Release|Any CPU.Deploy.0 = Release|Any CPU
		{E424F2D0-D788-4532-B2F7-16AC94A8FB1F}.Release|ARM.ActiveCfg = Release|Any CPU
		{E424F2D0-D788-4532-B2F7-16AC94A8FB1F}.Release|ARM.Build.0 = Release|Any CPU
		{E424F2D0-D788-4532-B2F7-16AC94A8FB1F}.Release|ARM.Deploy.0 = Release|Any CPU
		{E424F2D0-D788-4532-B2F7-16AC94A8FB1F}.Release|iPhone.ActiveCfg = Release|Any CPU
		{E424F2D0-D788-4532-B2F7-16AC94A8FB1F}.Release|iPhone.Build.0 = Release|Any CPU
		{E424F2D0-D788-4532-B2F7-16AC94A8FB1F}.Release|iPhone.Deploy.0 = Release|Any CPU
		{E424F2D0-D788-4532-B2F7-16AC94A8FB1F}.Release|iPhoneSimulator.ActiveCfg = Release|Any CPU
		{E424F2D0-D788-4532-B2F7-16AC94A8FB1F}.Release|iPhoneSimulator.Build.0 = Release|Any CPU
		{E424F2D0-D788-4532-B2F7-16AC94A8FB1F}.Release|iPhoneSimulator.Deploy.0 = Release|Any CPU
		{E424F2D0-D788-4532-B2F7-16AC94A8FB1F}.Release|x64.ActiveCfg = Release|Any CPU
		{E424F2D0-D788-4532-B2F7-16AC94A8FB1F}.Release|x64.Build.0 = Release|Any CPU
		{E424F2D0-D788-4532-B2F7-16AC94A8FB1F}.Release|x64.Deploy.0 = Release|Any CPU
		{E424F2D0-D788-4532-B2F7-16AC94A8FB1F}.Release|x86.ActiveCfg = Release|Any CPU
		{E424F2D0-D788-4532-B2F7-16AC94A8FB1F}.Release|x86.Build.0 = Release|Any CPU
		{E424F2D0-D788-4532-B2F7-16AC94A8FB1F}.Release|x86.Deploy.0 = Release|Any CPU
	EndGlobalSection
	GlobalSection(SolutionProperties) = preSolution
		HideSolutionNode = FALSE
	EndGlobalSection
	GlobalSection(ExtensibilityGlobals) = postSolution
		SolutionGuid = {0FB66169-1410-41AE-A144-C0F4156BD77B}
	EndGlobalSection
EndGlobal
